
Microsoft Visual Studio Solution File, Format Version 12.00
# Visual Studio Version 17
VisualStudioVersion = 17.0.31903.59
MinimumVisualStudioVersion = 10.0.40219.1
Project("{2150E333-8FDC-42A3-9474-1A3956D46DE8}") = "src", "src", "{EE28D1E2-CDB2-40B5-AF4F-1C920F8C2C92}"
EndProject
Project("{2150E333-8FDC-42A3-9474-1A3956D46DE8}") = "Services", "Services", "{B152EDD2-3E20-4ED1-8679-A0C0D7A9855B}"
EndProject
Project("{2150E333-8FDC-42A3-9474-1A3956D46DE8}") = "Identity", "Identity", "{C2199326-CCFB-423E-B4E0-67D18F18C6A4}"
EndProject
Project("{FAE04EC0-301F-11D3-BF4B-00C04F79EFBC}") = "Identity.API", "src\Services\Identity\Identity.API\Identity.API.csproj", "{3743486A-35B2-4AF9-8706-0499DE5DB5DF}"
EndProject
Project("{FAE04EC0-301F-11D3-BF4B-00C04F79EFBC}") = "Identity.Application", "src\Services\Identity\Identity.Application\Identity.Application.csproj", "{F2E9980C-9911-430E-9692-59E55AC1F59A}"
EndProject
Project("{FAE04EC0-301F-11D3-BF4B-00C04F79EFBC}") = "Identity.Domain", "src\Services\Identity\Identity.Domain\Identity.Domain.csproj", "{78190AD3-0F3A-4B41-9D57-311D93954404}"
EndProject
Project("{FAE04EC0-301F-11D3-BF4B-00C04F79EFBC}") = "Identity.Infrastructure", "src\Services\Identity\Identity.Infrastructure\Identity.Infrastructure.csproj", "{16056A36-9780-483F-9DCA-C67569859194}"
EndProject
Project("{2150E333-8FDC-42A3-9474-1A3956D46DE8}") = "Finance", "Finance", "{315F47AC-49CB-4D27-A3C0-23860BD29308}"
EndProject
Project("{FAE04EC0-301F-11D3-BF4B-00C04F79EFBC}") = "Finance.API", "src\Services\Finance\Finance.API\Finance.API.csproj", "{A73D7E6D-74C0-440D-A2F6-C733BB3F46B9}"
EndProject
Project("{FAE04EC0-301F-11D3-BF4B-00C04F79EFBC}") = "Finance.Application", "src\Services\Finance\Finance.Application\Finance.Application.csproj", "{44622A65-2DB2-4828-92F4-37641C527197}"
EndProject
Project("{FAE04EC0-301F-11D3-BF4B-00C04F79EFBC}") = "Finance.Domain", "src\Services\Finance\Finance.Domain\Finance.Domain.csproj", "{6BA12501-C532-4014-995E-629E41100241}"
EndProject
Project("{FAE04EC0-301F-11D3-BF4B-00C04F79EFBC}") = "Finance.Infrastructure", "src\Services\Finance\Finance.Infrastructure\Finance.Infrastructure.csproj", "{A1AD26E3-6864-4802-B00D-10785DFD9AEB}"
EndProject
Project("{2150E333-8FDC-42A3-9474-1A3956D46DE8}") = "Gateway", "Gateway", "{6DC90995-1192-4B94-88AF-FF447B435058}"
EndProject
Project("{FAE04EC0-301F-11D3-BF4B-00C04F79EFBC}") = "WalletFlow.Gateway", "src\Gateway\WalletFlow.Gateway\WalletFlow.Gateway.csproj", "{48C6655F-0F99-4B61-9C53-A5CAF496AECD}"
EndProject
Project("{2150E333-8FDC-42A3-9474-1A3956D46DE8}") = "Shared", "Shared", "{E2E80343-22A8-4865-A88C-F40312F7D25B}"
EndProject
Project("{FAE04EC0-301F-11D3-BF4B-00C04F79EFBC}") = "WalletFlow.Shared", "src\Shared\WalletFlow.Shared\WalletFlow.Shared.csproj", "{78B7DFE2-D07B-4C1F-8B0E-49957FF9AB97}"
EndProject
Project("{2150E333-8FDC-42A3-9474-1A3956D46DE8}") = "tests", "tests", "{EF161539-8FAF-4B14-A248-54708ADDA049}"
EndProject
Project("{FAE04EC0-301F-11D3-BF4B-00C04F79EFBC}") = "Identity.Tests", "tests\Identity.Tests\Identity.Tests.csproj", "{FBA08AFF-74EC-41EE-814B-DFB6D57BEA60}"
EndProject
Project("{FAE04EC0-301F-11D3-BF4B-00C04F79EFBC}") = "Finance.Tests", "tests\Finance.Tests\Finance.Tests.csproj", "{6926EE85-FA9D-424F-A1A6-F880979F4679}"
EndProject
Global
	GlobalSection(SolutionConfigurationPlatforms) = preSolution
		Debug|Any CPU = Debug|Any CPU
		Release|Any CPU = Release|Any CPU
	EndGlobalSection
	GlobalSection(SolutionProperties) = preSolution
		HideSolutionNode = FALSE
	EndGlobalSection
	GlobalSection(ProjectConfigurationPlatforms) = postSolution
		{3743486A-35B2-4AF9-8706-0499DE5DB5DF}.Debug|Any CPU.ActiveCfg = Debug|Any CPU
		{3743486A-35B2-4AF9-8706-0499DE5DB5DF}.Debug|Any CPU.Build.0 = Debug|Any CPU
		{3743486A-35B2-4AF9-8706-0499DE5DB5DF}.Release|Any CPU.ActiveCfg = Release|Any CPU
		{3743486A-35B2-4AF9-8706-0499DE5DB5DF}.Release|Any CPU.Build.0 = Release|Any CPU
		{F2E9980C-9911-430E-9692-59E55AC1F59A}.Debug|Any CPU.ActiveCfg = Debug|Any CPU
		{F2E9980C-9911-430E-9692-59E55AC1F59A}.Debug|Any CPU.Build.0 = Debug|Any CPU
		{F2E9980C-9911-430E-9692-59E55AC1F59A}.Release|Any CPU.ActiveCfg = Release|Any CPU
		{F2E9980C-9911-430E-9692-59E55AC1F59A}.Release|Any CPU.Build.0 = Release|Any CPU
		{78190AD3-0F3A-4B41-9D57-311D93954404}.Debug|Any CPU.ActiveCfg = Debug|Any CPU
		{78190AD3-0F3A-4B41-9D57-311D93954404}.Debug|Any CPU.Build.0 = Debug|Any CPU
		{78190AD3-0F3A-4B41-9D57-311D93954404}.Release|Any CPU.ActiveCfg = Release|Any CPU
		{78190AD3-0F3A-4B41-9D57-311D93954404}.Release|Any CPU.Build.0 = Release|Any CPU
		{16056A36-9780-483F-9DCA-C67569859194}.Debug|Any CPU.ActiveCfg = Debug|Any CPU
		{16056A36-9780-483F-9DCA-C67569859194}.Debug|Any CPU.Build.0 = Debug|Any CPU
		{16056A36-9780-483F-9DCA-C67569859194}.Release|Any CPU.ActiveCfg = Release|Any CPU
		{16056A36-9780-483F-9DCA-C67569859194}.Release|Any CPU.Build.0 = Release|Any CPU
		{A73D7E6D-74C0-440D-A2F6-C733BB3F46B9}.Debug|Any CPU.ActiveCfg = Debug|Any CPU
		{A73D7E6D-74C0-440D-A2F6-C733BB3F46B9}.Debug|Any CPU.Build.0 = Debug|Any CPU
		{A73D7E6D-74C0-440D-A2F6-C733BB3F46B9}.Release|Any CPU.ActiveCfg = Release|Any CPU
		{A73D7E6D-74C0-440D-A2F6-C733BB3F46B9}.Release|Any CPU.Build.0 = Release|Any CPU
		{44622A65-2DB2-4828-92F4-37641C527197}.Debug|Any CPU.ActiveCfg = Debug|Any CPU
		{44622A65-2DB2-4828-92F4-37641C527197}.Debug|Any CPU.Build.0 = Debug|Any CPU
		{44622A65-2DB2-4828-92F4-37641C527197}.Release|Any CPU.ActiveCfg = Release|Any CPU
		{44622A65-2DB2-4828-92F4-37641C527197}.Release|Any CPU.Build.0 = Release|Any CPU
		{6BA12501-C532-4014-995E-629E41100241}.Debug|Any CPU.ActiveCfg = Debug|Any CPU
		{6BA12501-C532-4014-995E-629E41100241}.Debug|Any CPU.Build.0 = Debug|Any CPU
		{6BA12501-C532-4014-995E-629E41100241}.Release|Any CPU.ActiveCfg = Release|Any CPU
		{6BA12501-C532-4014-995E-629E41100241}.Release|Any CPU.Build.0 = Release|Any CPU
		{A1AD26E3-6864-4802-B00D-10785DFD9AEB}.Debug|Any CPU.ActiveCfg = Debug|Any CPU
		{A1AD26E3-6864-4802-B00D-10785DFD9AEB}.Debug|Any CPU.Build.0 = Debug|Any CPU
		{A1AD26E3-6864-4802-B00D-10785DFD9AEB}.Release|Any CPU.ActiveCfg = Release|Any CPU
		{A1AD26E3-6864-4802-B00D-10785DFD9AEB}.Release|Any CPU.Build.0 = Release|Any CPU
		{48C6655F-0F99-4B61-9C53-A5CAF496AECD}.Debug|Any CPU.ActiveCfg = Debug|Any CPU
		{48C6655F-0F99-4B61-9C53-A5CAF496AECD}.Debug|Any CPU.Build.0 = Debug|Any CPU
		{48C6655F-0F99-4B61-9C53-A5CAF496AECD}.Release|Any CPU.ActiveCfg = Release|Any CPU
		{48C6655F-0F99-4B61-9C53-A5CAF496AECD}.Release|Any CPU.Build.0 = Release|Any CPU
		{78B7DFE2-D07B-4C1F-8B0E-49957FF9AB97}.Debug|Any CPU.ActiveCfg = Debug|Any CPU
		{78B7DFE2-D07B-4C1F-8B0E-49957FF9AB97}.Debug|Any CPU.Build.0 = Debug|Any CPU
		{78B7DFE2-D07B-4C1F-8B0E-49957FF9AB97}.Release|Any CPU.ActiveCfg = Release|Any CPU
		{78B7DFE2-D07B-4C1F-8B0E-49957FF9AB97}.Release|Any CPU.Build.0 = Release|Any CPU
		{FBA08AFF-74EC-41EE-814B-DFB6D57BEA60}.Debug|Any CPU.ActiveCfg = Debug|Any CPU
		{FBA08AFF-74EC-41EE-814B-DFB6D57BEA60}.Debug|Any CPU.Build.0 = Debug|Any CPU
		{FBA08AFF-74EC-41EE-814B-DFB6D57BEA60}.Release|Any CPU.ActiveCfg = Release|Any CPU
		{FBA08AFF-74EC-41EE-814B-DFB6D57BEA60}.Release|Any CPU.Build.0 = Release|Any CPU
		{6926EE85-FA9D-424F-A1A6-F880979F4679}.Debug|Any CPU.ActiveCfg = Debug|Any CPU
		{6926EE85-FA9D-424F-A1A6-F880979F4679}.Debug|Any CPU.Build.0 = Debug|Any CPU
		{6926EE85-FA9D-424F-A1A6-F880979F4679}.Release|Any CPU.ActiveCfg = Release|Any CPU
		{6926EE85-FA9D-424F-A1A6-F880979F4679}.Release|Any CPU.Build.0 = Release|Any CPU
	EndGlobalSection
	GlobalSection(NestedProjects) = preSolution
		{B152EDD2-3E20-4ED1-8679-A0C0D7A9855B} = {EE28D1E2-CDB2-40B5-AF4F-1C920F8C2C92}
		{C2199326-CCFB-423E-B4E0-67D18F18C6A4} = {B152EDD2-3E20-4ED1-8679-A0C0D7A9855B}
		{3743486A-35B2-4AF9-8706-0499DE5DB5DF} = {C2199326-CCFB-423E-B4E0-67D18F18C6A4}
		{F2E9980C-9911-430E-9692-59E55AC1F59A} = {C2199326-CCFB-423E-B4E0-67D18F18C6A4}
		{78190AD3-0F3A-4B41-9D57-311D93954404} = {C2199326-CCFB-423E-B4E0-67D18F18C6A4}
		{16056A36-9780-483F-9DCA-C67569859194} = {C2199326-CCFB-423E-B4E0-67D18F18C6A4}
		{315F47AC-49CB-4D27-A3C0-23860BD29308} = {B152EDD2-3E20-4ED1-8679-A0C0D7A9855B}
		{A73D7E6D-74C0-440D-A2F6-C733BB3F46B9} = {315F47AC-49CB-4D27-A3C0-23860BD29308}
		{44622A65-2DB2-4828-92F4-37641C527197} = {315F47AC-49CB-4D27-A3C0-23860BD29308}
		{6BA12501-C532-4014-995E-629E41100241} = {315F47AC-49CB-4D27-A3C0-23860BD29308}
		{A1AD26E3-6864-4802-B00D-10785DFD9AEB} = {315F47AC-49CB-4D27-A3C0-23860BD29308}
		{6DC90995-1192-4B94-88AF-FF447B435058} = {EE28D1E2-CDB2-40B5-AF4F-1C920F8C2C92}
		{48C6655F-0F99-4B61-9C53-A5CAF496AECD} = {6DC90995-1192-4B94-88AF-FF447B435058}
		{E2E80343-22A8-4865-A88C-F40312F7D25B} = {EE28D1E2-CDB2-40B5-AF4F-1C920F8C2C92}
		{78B7DFE2-D07B-4C1F-8B0E-49957FF9AB97} = {E2E80343-22A8-4865-A88C-F40312F7D25B}
		{FBA08AFF-74EC-41EE-814B-DFB6D57BEA60} = {EF161539-8FAF-4B14-A248-54708ADDA049}
		{6926EE85-FA9D-424F-A1A6-F880979F4679} = {EF161539-8FAF-4B14-A248-54708ADDA049}
	EndGlobalSection
EndGlobal
